
Microsoft Visual Studio Solution File, Format Version 12.00
# Visual Studio Version 17
VisualStudioVersion = 17.13.35931.197 d17.13
MinimumVisualStudioVersion = 10.0.40219.1
Project("{FAE04EC0-301F-11D3-BF4B-00C04F79EFBC}") = "NotesApiService", "NotesApiService\NotesApiService.csproj", "{5128A95E-D60A-47C8-B49F-ADE50238D2B3}"
EndProject
Project("{FAE04EC0-301F-11D3-BF4B-00C04F79EFBC}") = "RowLevelSecurity-Postgres.AppHost", "RowLevelSecurity-Postgres.AppHost\RowLevelSecurity-Postgres.AppHost.csproj", "{63B8F79D-9F4F-4717-B5B6-C222DFA3820A}"
EndProject
Project("{FAE04EC0-301F-11D3-BF4B-00C04F79EFBC}") = "RowLevelSecurity-Postgres.ServiceDefaults", "RowLevelSecurity-Postgres.ServiceDefaults\RowLevelSecurity-Postgres.ServiceDefaults.csproj", "{205CE93B-5D22-F707-7465-5C4507494E04}"
EndProject
Project("{2150E333-8FDC-42A3-9474-1A3956D46DE8}") = "aspire", "aspire", "{02EA681E-C7D8-13C7-8484-4AC65E1B71E8}"
EndProject
Global
	GlobalSection(SolutionConfigurationPlatforms) = preSolution
		Debug|Any CPU = Debug|Any CPU
		Release|Any CPU = Release|Any CPU
	EndGlobalSection
	GlobalSection(ProjectConfigurationPlatforms) = postSolution
		{5128A95E-D60A-47C8-B49F-ADE50238D2B3}.Debug|Any CPU.ActiveCfg = Debug|Any CPU
		{5128A95E-D60A-47C8-B49F-ADE50238D2B3}.Debug|Any CPU.Build.0 = Debug|Any CPU
		{5128A95E-D60A-47C8-B49F-ADE50238D2B3}.Release|Any CPU.ActiveCfg = Release|Any CPU
		{5128A95E-D60A-47C8-B49F-ADE50238D2B3}.Release|Any CPU.Build.0 = Release|Any CPU
		{63B8F79D-9F4F-4717-B5B6-C222DFA3820A}.Debug|Any CPU.ActiveCfg = Debug|Any CPU
		{63B8F79D-9F4F-4717-B5B6-C222DFA3820A}.Debug|Any CPU.Build.0 = Debug|Any CPU
		{63B8F79D-9F4F-4717-B5B6-C222DFA3820A}.Release|Any CPU.ActiveCfg = Release|Any CPU
		{63B8F79D-9F4F-4717-B5B6-C222DFA3820A}.Release|Any CPU.Build.0 = Release|Any CPU
		{205CE93B-5D22-F707-7465-5C4507494E04}.Debug|Any CPU.ActiveCfg = Debug|Any CPU
		{205CE93B-5D22-F707-7465-5C4507494E04}.Debug|Any CPU.Build.0 = Debug|Any CPU
		{205CE93B-5D22-F707-7465-5C4507494E04}.Release|Any CPU.ActiveCfg = Release|Any CPU
		{205CE93B-5D22-F707-7465-5C4507494E04}.Release|Any CPU.Build.0 = Release|Any CPU
	EndGlobalSection
	GlobalSection(SolutionProperties) = preSolution
		HideSolutionNode = FALSE
	EndGlobalSection
	GlobalSection(NestedProjects) = preSolution
		{63B8F79D-9F4F-4717-B5B6-C222DFA3820A} = {02EA681E-C7D8-13C7-8484-4AC65E1B71E8}
		{205CE93B-5D22-F707-7465-5C4507494E04} = {02EA681E-C7D8-13C7-8484-4AC65E1B71E8}
	EndGlobalSection
	GlobalSection(ExtensibilityGlobals) = postSolution
		SolutionGuid = {3F78F5D8-0B50-472C-BD1A-C5D4BB121A6B}
	EndGlobalSection
EndGlobal
