
Microsoft Visual Studio Solution File, Format Version 12.00
# Visual Studio Version 17
VisualStudioVersion = 17.14.36221.1 d17.14
MinimumVisualStudioVersion = 10.0.40219.1
Project("{FAE04EC0-301F-11D3-BF4B-00C04F79EFBC}") = "WebApi", "WebApi\WebApi.csproj", "{80ABC4E4-C58D-44FD-9474-E332F0FD505D}"
EndProject
Global
	GlobalSection(SolutionConfigurationPlatforms) = preSolution
		Debug|Any CPU = Debug|Any CPU
		Release|Any CPU = Release|Any CPU
	EndGlobalSection
	GlobalSection(ProjectConfigurationPlatforms) = postSolution
		{80ABC4E4-C58D-44FD-9474-E332F0FD505D}.Debug|Any CPU.ActiveCfg = Debug|Any CPU
		{80ABC4E4-C58D-44FD-9474-E332F0FD505D}.Debug|Any CPU.Build.0 = Debug|Any CPU
		{80ABC4E4-C58D-44FD-9474-E332F0FD505D}.Release|Any CPU.ActiveCfg = Release|Any CPU
		{80ABC4E4-C58D-44FD-9474-E332F0FD505D}.Release|Any CPU.Build.0 = Release|Any CPU
	EndGlobalSection
	GlobalSection(SolutionProperties) = preSolution
		HideSolutionNode = FALSE
	EndGlobalSection
	GlobalSection(ExtensibilityGlobals) = postSolution
		SolutionGuid = {11D59D8E-DBC7-4EC7-9265-243B48051198}
	EndGlobalSection
EndGlobal
