Microsoft Visual Studio Solution File, Format Version 12.00
# Visual Studio Version 17
VisualStudioVersion = 17.13.35825.156
MinimumVisualStudioVersion = 10.0.40219.1
Project("{FAE04EC0-301F-11D3-BF4B-00C04F79EFBC}") = "VectorSearchApp", "VectorSearchApp\VectorSearchApp.csproj", "{A7AAB92F-8EE2-4621-B497-DFD6C388AC9C}"
EndProject
Global
	GlobalSection(SolutionConfigurationPlatforms) = preSolution
		Debug|Any CPU = Debug|Any CPU
		Release|Any CPU = Release|Any CPU
	EndGlobalSection
	GlobalSection(ProjectConfigurationPlatforms) = postSolution
		{A7AAB92F-8EE2-4621-B497-DFD6C388AC9C}.Debug|Any CPU.ActiveCfg = Debug|Any CPU
		{A7AAB92F-8EE2-4621-B497-DFD6C388AC9C}.Debug|Any CPU.Build.0 = Debug|Any CPU
		{A7AAB92F-8EE2-4621-B497-DFD6C388AC9C}.Release|Any CPU.ActiveCfg = Release|Any CPU
		{A7AAB92F-8EE2-4621-B497-DFD6C388AC9C}.Release|Any CPU.Build.0 = Release|Any CPU
	EndGlobalSection
	GlobalSection(SolutionProperties) = preSolution
		HideSolutionNode = FALSE
	EndGlobalSection
	GlobalSection(ExtensibilityGlobals) = postSolution
		SolutionGuid = {F6B28BCB-74E8-4994-90CB-160370B64394}
	EndGlobalSection
EndGlobal
