
Microsoft Visual Studio Solution File, Format Version 12.00
# Visual Studio Version 17
VisualStudioVersion = 17.14.36221.1 d17.14
MinimumVisualStudioVersion = 10.0.40219.1
Project("{FAE04EC0-301F-11D3-BF4B-00C04F79EFBC}") = "SpectreApp", "SpectreApp\SpectreApp.csproj", "{1BB706EC-4F52-45AB-A5D1-5321E7F8B84C}"
EndProject
Global
	GlobalSection(SolutionConfigurationPlatforms) = preSolution
		Debug|Any CPU = Debug|Any CPU
		Release|Any CPU = Release|Any CPU
	EndGlobalSection
	GlobalSection(ProjectConfigurationPlatforms) = postSolution
		{1BB706EC-4F52-45AB-A5D1-5321E7F8B84C}.Debug|Any CPU.ActiveCfg = Debug|Any CPU
		{1BB706EC-4F52-45AB-A5D1-5321E7F8B84C}.Debug|Any CPU.Build.0 = Debug|Any CPU
		{1BB706EC-4F52-45AB-A5D1-5321E7F8B84C}.Release|Any CPU.ActiveCfg = Release|Any CPU
		{1BB706EC-4F52-45AB-A5D1-5321E7F8B84C}.Release|Any CPU.Build.0 = Release|Any CPU
	EndGlobalSection
	GlobalSection(SolutionProperties) = preSolution
		HideSolutionNode = FALSE
	EndGlobalSection
	GlobalSection(ExtensibilityGlobals) = postSolution
		SolutionGuid = {29DD7AB3-3029-48E2-850C-37449D403B81}
	EndGlobalSection
EndGlobal
