Microsoft Visual Studio Solution File, Format Version 12.00
# Visual Studio Version 17
VisualStudioVersion = 17.13.35825.156
MinimumVisualStudioVersion = 10.0.40219.1
Project("{FAE04EC0-301F-11D3-BF4B-00C04F79EFBC}") = "WebApi", "WebApi\WebApi.csproj", "{440EB54D-15EF-4B01-8742-F1361BBA949A}"
EndProject
Project("{2150E333-8FDC-42A3-9474-1A3956D46DE8}") = "Solution Items", "Solution Items", "{8EC462FD-D22E-90A8-E5CE-7E832BA40C5D}"
	ProjectSection(SolutionItems) = preProject
		Docker-compose.yaml = Docker-compose.yaml
	EndProjectSection
EndProject
Project("{FAE04EC0-301F-11D3-BF4B-00C04F79EFBC}") = "BlazorAppWASM", "BlazorAppWASM\BlazorAppWASM.csproj", "{C9422337-6C68-4673-86F9-41C17CFDCB67}"
EndProject
Global
	GlobalSection(SolutionConfigurationPlatforms) = preSolution
		Debug|Any CPU = Debug|Any CPU
		Release|Any CPU = Release|Any CPU
	EndGlobalSection
	GlobalSection(ProjectConfigurationPlatforms) = postSolution
		{440EB54D-15EF-4B01-8742-F1361BBA949A}.Debug|Any CPU.ActiveCfg = Debug|Any CPU
		{440EB54D-15EF-4B01-8742-F1361BBA949A}.Debug|Any CPU.Build.0 = Debug|Any CPU
		{440EB54D-15EF-4B01-8742-F1361BBA949A}.Release|Any CPU.ActiveCfg = Release|Any CPU
		{440EB54D-15EF-4B01-8742-F1361BBA949A}.Release|Any CPU.Build.0 = Release|Any CPU
		{C9422337-6C68-4673-86F9-41C17CFDCB67}.Debug|Any CPU.ActiveCfg = Debug|Any CPU
		{C9422337-6C68-4673-86F9-41C17CFDCB67}.Debug|Any CPU.Build.0 = Debug|Any CPU
		{C9422337-6C68-4673-86F9-41C17CFDCB67}.Release|Any CPU.ActiveCfg = Release|Any CPU
		{C9422337-6C68-4673-86F9-41C17CFDCB67}.Release|Any CPU.Build.0 = Release|Any CPU
	EndGlobalSection
	GlobalSection(SolutionProperties) = preSolution
		HideSolutionNode = FALSE
	EndGlobalSection
	GlobalSection(ExtensibilityGlobals) = postSolution
		SolutionGuid = {58A94183-F1C1-414F-A948-F5E5C5AD5C54}
	EndGlobalSection
EndGlobal
