Microsoft Visual Studio Solution File, Format Version 12.00
# Visual Studio Version 17
VisualStudioVersion = 17.13.35825.156
MinimumVisualStudioVersion = 10.0.40219.1
Project("{FAE04EC0-301F-11D3-BF4B-00C04F79EFBC}") = "EFCoreDbFirstApi", "EFCoreDbFirstApi\EFCoreDbFirstApi.csproj", "{5A36DD77-3BDD-480F-83D7-FE0A77AF8CEB}"
EndProject
Global
	GlobalSection(SolutionConfigurationPlatforms) = preSolution
		Debug|Any CPU = Debug|Any CPU
		Release|Any CPU = Release|Any CPU
	EndGlobalSection
	GlobalSection(ProjectConfigurationPlatforms) = postSolution
		{5A36DD77-3BDD-480F-83D7-FE0A77AF8CEB}.Debug|Any CPU.ActiveCfg = Debug|Any CPU
		{5A36DD77-3BDD-480F-83D7-FE0A77AF8CEB}.Debug|Any CPU.Build.0 = Debug|Any CPU
		{5A36DD77-3BDD-480F-83D7-FE0A77AF8CEB}.Release|Any CPU.ActiveCfg = Release|Any CPU
		{5A36DD77-3BDD-480F-83D7-FE0A77AF8CEB}.Release|Any CPU.Build.0 = Release|Any CPU
	EndGlobalSection
	GlobalSection(SolutionProperties) = preSolution
		HideSolutionNode = FALSE
	EndGlobalSection
	GlobalSection(ExtensibilityGlobals) = postSolution
		SolutionGuid = {DD33CDB5-6FEF-4866-83E3-C70F12972DA6}
	EndGlobalSection
EndGlobal
